
Microsoft Visual Studio Solution File, Format Version 12.00
# Visual Studio Version 17
VisualStudioVersion = 17.2.32526.322
MinimumVisualStudioVersion = 10.0.40219.1
Project("{8BC9CEB8-8B4A-11D0-8D11-00A0C91BC942}") = "2026 07 06", "2026 07 06\2026 07 06.vcxproj", "{EB53178E-54D0-4ACA-A1EE-6D1B940E8D87}"
EndProject
Project("{8BC9CEB8-8B4A-11D0-8D11-00A0C91BC942}") = "2026 07 07", "2026 07 07\2026 07 07.vcxproj", "{BA11B63E-8784-463E-9E17-D9C4196AF259}"
EndProject
Project("{8BC9CEB8-8B4A-11D0-8D11-00A0C91BC942}") = "2026 07 08 Module 2.1", "2026 07 08 Module 2.1\2026 07 08 Module 2.1.vcxproj", "{8D1315E6-8B27-4942-9F7C-6F9B3AA95387}"
EndProject
Project("{8BC9CEB8-8B4A-11D0-8D11-00A0C91BC942}") = "2026 07 09 Module 2.2", "2026 07 09 Module 2.2\2026 07 09 Module 2.2.vcxproj", "{3C698C08-AB08-49A5-934E-BAEBAAB29853}"
EndProject
Project("{8BC9CEB8-8B4A-11D0-8D11-00A0C91BC942}") = "2026 07 10 Constructors and Destructors", "2026 07 10 Constructors and Destructors\2026 07 10 Constructors and Destructors.vcxproj", "{B3E86423-3321-4758-86CF-AFEA010DC3FC}"
EndProject
Project("{8BC9CEB8-8B4A-11D0-8D11-00A0C91BC942}") = "2026 07 13 CS2 Module 2.4", "2026 07 13 CS2 Module 2.4\2026 07 13 CS2 Module 2.4.vcxproj", "{7101B368-0F91-4200-8D58-2DD449A3F16C}"
EndProject
Project("{8BC9CEB8-8B4A-11D0-8D11-00A0C91BC942}") = "2026 0714 Mod 2.5", "2026 0714 Mod 2.5\2026 0714 Mod 2.5.vcxproj", "{D23505E4-1C91-40CE-8CA4-A602988822A6}"
EndProject
Project("{8BC9CEB8-8B4A-11D0-8D11-00A0C91BC942}") = "ClassSamples", "ClassSamples\ClassSamples.vcxproj", "{6318D494-7F88-4342-AC35-3254F2681EAF}"
EndProject
Project("{8BC9CEB8-8B4A-11D0-8D11-00A0C91BC942}") = "2026 07 16 Module 3.2", "2026 07 16 Module 3.2\2026 07 16 Module 3.2.vcxproj", "{8E0F8868-EEBA-4FAE-9920-405F8FC4CC45}"
EndProject
Project("{8BC9CEB8-8B4A-11D0-8D11-00A0C91BC942}") = "2026 07 17 Module 3.3", "2026 07 17 Module 3.3\2026 07 17 Module 3.3.vcxproj", "{BFADDF98-7781-4611-B8B1-6DC585C6DE9C}"
EndProject
Project("{8BC9CEB8-8B4A-11D0-8D11-00A0C91BC942}") = "2026 07 21 Module 3.4", "2026 07 21 Module 3.4\2026 07 21 Module 3.4.vcxproj", "{6B078F1E-E028-460F-A0EC-8E58843A8350}"
EndProject
Global
	GlobalSection(SolutionConfigurationPlatforms) = preSolution
		Debug|x64 = Debug|x64
		Debug|x86 = Debug|x86
		Release|x64 = Release|x64
		Release|x86 = Release|x86
	EndGlobalSection
	GlobalSection(ProjectConfigurationPlatforms) = postSolution
		{EB53178E-54D0-4ACA-A1EE-6D1B940E8D87}.Debug|x64.ActiveCfg = Debug|x64
		{EB53178E-54D0-4ACA-A1EE-6D1B940E8D87}.Debug|x64.Build.0 = Debug|x64
		{EB53178E-54D0-4ACA-A1EE-6D1B940E8D87}.Debug|x86.ActiveCfg = Debug|Win32
		{EB53178E-54D0-4ACA-A1EE-6D1B940E8D87}.Debug|x86.Build.0 = Debug|Win32
		{EB53178E-54D0-4ACA-A1EE-6D1B940E8D87}.Release|x64.ActiveCfg = Release|x64
		{EB53178E-54D0-4ACA-A1EE-6D1B940E8D87}.Release|x64.Build.0 = Release|x64
		{EB53178E-54D0-4ACA-A1EE-6D1B940E8D87}.Release|x86.ActiveCfg = Release|Win32
		{EB53178E-54D0-4ACA-A1EE-6D1B940E8D87}.Release|x86.Build.0 = Release|Win32
		{BA11B63E-8784-463E-9E17-D9C4196AF259}.Debug|x64.ActiveCfg = Debug|x64
		{BA11B63E-8784-463E-9E17-D9C4196AF259}.Debug|x64.Build.0 = Debug|x64
		{BA11B63E-8784-463E-9E17-D9C4196AF259}.Debug|x86.ActiveCfg = Debug|Win32
		{BA11B63E-8784-463E-9E17-D9C4196AF259}.Debug|x86.Build.0 = Debug|Win32
		{BA11B63E-8784-463E-9E17-D9C4196AF259}.Release|x64.ActiveCfg = Release|x64
		{BA11B63E-8784-463E-9E17-D9C4196AF259}.Release|x64.Build.0 = Release|x64
		{BA11B63E-8784-463E-9E17-D9C4196AF259}.Release|x86.ActiveCfg = Release|Win32
		{BA11B63E-8784-463E-9E17-D9C4196AF259}.Release|x86.Build.0 = Release|Win32
		{8D1315E6-8B27-4942-9F7C-6F9B3AA95387}.Debug|x64.ActiveCfg = Debug|x64
		{8D1315E6-8B27-4942-9F7C-6F9B3AA95387}.Debug|x64.Build.0 = Debug|x64
		{8D1315E6-8B27-4942-9F7C-6F9B3AA95387}.Debug|x86.ActiveCfg = Debug|Win32
		{8D1315E6-8B27-4942-9F7C-6F9B3AA95387}.Debug|x86.Build.0 = Debug|Win32
		{8D1315E6-8B27-4942-9F7C-6F9B3AA95387}.Release|x64.ActiveCfg = Release|x64
		{8D1315E6-8B27-4942-9F7C-6F9B3AA95387}.Release|x64.Build.0 = Release|x64
		{8D1315E6-8B27-4942-9F7C-6F9B3AA95387}.Release|x86.ActiveCfg = Release|Win32
		{8D1315E6-8B27-4942-9F7C-6F9B3AA95387}.Release|x86.Build.0 = Release|Win32
		{3C698C08-AB08-49A5-934E-BAEBAAB29853}.Debug|x64.ActiveCfg = Debug|x64
		{3C698C08-AB08-49A5-934E-BAEBAAB29853}.Debug|x64.Build.0 = Debug|x64
		{3C698C08-AB08-49A5-934E-BAEBAAB29853}.Debug|x86.ActiveCfg = Debug|Win32
		{3C698C08-AB08-49A5-934E-BAEBAAB29853}.Debug|x86.Build.0 = Debug|Win32
		{3C698C08-AB08-49A5-934E-BAEBAAB29853}.Release|x64.ActiveCfg = Release|x64
		{3C698C08-AB08-49A5-934E-BAEBAAB29853}.Release|x64.Build.0 = Release|x64
		{3C698C08-AB08-49A5-934E-BAEBAAB29853}.Release|x86.ActiveCfg = Release|Win32
		{3C698C08-AB08-49A5-934E-BAEBAAB29853}.Release|x86.Build.0 = Release|Win32
		{B3E86423-3321-4758-86CF-AFEA010DC3FC}.Debug|x64.ActiveCfg = Debug|x64
		{B3E86423-3321-4758-86CF-AFEA010DC3FC}.Debug|x64.Build.0 = Debug|x64
		{B3E86423-3321-4758-86CF-AFEA010DC3FC}.Debug|x86.ActiveCfg = Debug|Win32
		{B3E86423-3321-4758-86CF-AFEA010DC3FC}.Debug|x86.Build.0 = Debug|Win32
		{B3E86423-3321-4758-86CF-AFEA010DC3FC}.Release|x64.ActiveCfg = Release|x64
		{B3E86423-3321-4758-86CF-AFEA010DC3FC}.Release|x64.Build.0 = Release|x64
		{B3E86423-3321-4758-86CF-AFEA010DC3FC}.Release|x86.ActiveCfg = Release|Win32
		{B3E86423-3321-4758-86CF-AFEA010DC3FC}.Release|x86.Build.0 = Release|Win32
		{7101B368-0F91-4200-8D58-2DD449A3F16C}.Debug|x64.ActiveCfg = Debug|x64
		{7101B368-0F91-4200-8D58-2DD449A3F16C}.Debug|x64.Build.0 = Debug|x64
		{7101B368-0F91-4200-8D58-2DD449A3F16C}.Debug|x86.ActiveCfg = Debug|Win32
		{7101B368-0F91-4200-8D58-2DD449A3F16C}.Debug|x86.Build.0 = Debug|Win32
		{7101B368-0F91-4200-8D58-2DD449A3F16C}.Release|x64.ActiveCfg = Release|x64
		{7101B368-0F91-4200-8D58-2DD449A3F16C}.Release|x64.Build.0 = Release|x64
		{7101B368-0F91-4200-8D58-2DD449A3F16C}.Release|x86.ActiveCfg = Release|Win32
		{7101B368-0F91-4200-8D58-2DD449A3F16C}.Release|x86.Build.0 = Release|Win32
		{D23505E4-1C91-40CE-8CA4-A602988822A6}.Debug|x64.ActiveCfg = Debug|x64
		{D23505E4-1C91-40CE-8CA4-A602988822A6}.Debug|x64.Build.0 = Debug|x64
		{D23505E4-1C91-40CE-8CA4-A602988822A6}.Debug|x86.ActiveCfg = Debug|Win32
		{D23505E4-1C91-40CE-8CA4-A602988822A6}.Debug|x86.Build.0 = Debug|Win32
		{D23505E4-1C91-40CE-8CA4-A602988822A6}.Release|x64.ActiveCfg = Release|x64
		{D23505E4-1C91-40CE-8CA4-A602988822A6}.Release|x64.Build.0 = Release|x64
		{D23505E4-1C91-40CE-8CA4-A602988822A6}.Release|x86.ActiveCfg = Release|Win32
		{D23505E4-1C91-40CE-8CA4-A602988822A6}.Release|x86.Build.0 = Release|Win32
		{6318D494-7F88-4342-AC35-3254F2681EAF}.Debug|x64.ActiveCfg = Debug|x64
		{6318D494-7F88-4342-AC35-3254F2681EAF}.Debug|x64.Build.0 = Debug|x64
		{6318D494-7F88-4342-AC35-3254F2681EAF}.Debug|x86.ActiveCfg = Debug|Win32
		{6318D494-7F88-4342-AC35-3254F2681EAF}.Debug|x86.Build.0 = Debug|Win32
		{6318D494-7F88-4342-AC35-3254F2681EAF}.Release|x64.ActiveCfg = Release|x64
		{6318D494-7F88-4342-AC35-3254F2681EAF}.Release|x64.Build.0 = Release|x64
		{6318D494-7F88-4342-AC35-3254F2681EAF}.Release|x86.ActiveCfg = Release|Win32
		{6318D494-7F88-4342-AC35-3254F2681EAF}.Release|x86.Build.0 = Release|Win32
		{8E0F8868-EEBA-4FAE-9920-405F8FC4CC45}.Debug|x64.ActiveCfg = Debug|x64
		{8E0F8868-EEBA-4FAE-9920-405F8FC4CC45}.Debug|x64.Build.0 = Debug|x64
		{8E0F8868-EEBA-4FAE-9920-405F8FC4CC45}.Debug|x86.ActiveCfg = Debug|Win32
		{8E0F8868-EEBA-4FAE-9920-405F8FC4CC45}.Debug|x86.Build.0 = Debug|Win32
		{8E0F8868-EEBA-4FAE-9920-405F8FC4CC45}.Release|x64.ActiveCfg = Release|x64
		{8E0F8868-EEBA-4FAE-9920-405F8FC4CC45}.Release|x64.Build.0 = Release|x64
		{8E0F8868-EEBA-4FAE-9920-405F8FC4CC45}.Release|x86.ActiveCfg = Release|Win32
		{8E0F8868-EEBA-4FAE-9920-405F8FC4CC45}.Release|x86.Build.0 = Release|Win32
		{BFADDF98-7781-4611-B8B1-6DC585C6DE9C}.Debug|x64.ActiveCfg = Debug|x64
		{BFADDF98-7781-4611-B8B1-6DC585C6DE9C}.Debug|x64.Build.0 = Debug|x64
		{BFADDF98-7781-4611-B8B1-6DC585C6DE9C}.Debug|x86.ActiveCfg = Debug|Win32
		{BFADDF98-7781-4611-B8B1-6DC585C6DE9C}.Debug|x86.Build.0 = Debug|Win32
		{BFADDF98-7781-4611-B8B1-6DC585C6DE9C}.Release|x64.ActiveCfg = Release|x64
		{BFADDF98-7781-4611-B8B1-6DC585C6DE9C}.Release|x64.Build.0 = Release|x64
		{BFADDF98-7781-4611-B8B1-6DC585C6DE9C}.Release|x86.ActiveCfg = Release|Win32
		{BFADDF98-7781-4611-B8B1-6DC585C6DE9C}.Release|x86.Build.0 = Release|Win32
		{6B078F1E-E028-460F-A0EC-8E58843A8350}.Debug|x64.ActiveCfg = Debug|x64
		{6B078F1E-E028-460F-A0EC-8E58843A8350}.Debug|x64.Build.0 = Debug|x64
		{6B078F1E-E028-460F-A0EC-8E58843A8350}.Debug|x86.ActiveCfg = Debug|Win32
		{6B078F1E-E028-460F-A0EC-8E58843A8350}.Debug|x86.Build.0 = Debug|Win32
		{6B078F1E-E028-460F-A0EC-8E58843A8350}.Release|x64.ActiveCfg = Release|x64
		{6B078F1E-E028-460F-A0EC-8E58843A8350}.Release|x64.Build.0 = Release|x64
		{6B078F1E-E028-460F-A0EC-8E58843A8350}.Release|x86.ActiveCfg = Release|Win32
		{6B078F1E-E028-460F-A0EC-8E58843A8350}.Release|x86.Build.0 = Release|Win32
	EndGlobalSection
	GlobalSection(SolutionProperties) = preSolution
		HideSolutionNode = FALSE
	EndGlobalSection
	GlobalSection(ExtensibilityGlobals) = postSolution
		SolutionGuid = {B22300A5-0D49-4903-A3C7-9CC7093CC8C6}
	EndGlobalSection
EndGlobal
